// !$*UTF8*$!
{
	archiveVersion = 1;
	classes = {
	};
	objectVersion = 56;
	objects = {

/* Begin PBXBuildFile section */
		AB018AEA2BC68B7600521362 /* WishlistItemForm.swift in Sources */ = {isa = PBXBuildFile; fileRef = AB018AE92BC68B7600521362 /* WishlistItemForm.swift */; };
		AB018AEC2BC6DD0F00521362 /* WishlistItemViewer.swift in Sources */ = {isa = PBXBuildFile; fileRef = AB018AEB2BC6DD0F00521362 /* WishlistItemViewer.swift */; };
		AB018AEE2BC7DBF100521362 /* DescriptionEditSheet.swift in Sources */ = {isa = PBXBuildFile; fileRef = AB018AED2BC7DBF100521362 /* DescriptionEditSheet.swift */; };
		AB018AF12BC7F80C00521362 /* Vortex in Frameworks */ = {isa = PBXBuildFile; productRef = AB018AF02BC7F80C00521362 /* Vortex */; };
		AB018AF42BC7FA9A00521362 /* NewWishIntent.swift in Sources */ = {isa = PBXBuildFile; fileRef = AB018AF32BC7FA9A00521362 /* NewWishIntent.swift */; };
		AB018AF62BC7FD2100521362 /* AppShortcuts.swift in Sources */ = {isa = PBXBuildFile; fileRef = AB018AF52BC7FD2100521362 /* AppShortcuts.swift */; };
		AB018AFD2BC9432D00521362 /* WishEntity.swift in Sources */ = {isa = PBXBuildFile; fileRef = AB018AFC2BC9432D00521362 /* WishEntity.swift */; };
		AB018AFF2BC9503200521362 /* OpenWishIntent.swift in Sources */ = {isa = PBXBuildFile; fileRef = AB018AFE2BC9503200521362 /* OpenWishIntent.swift */; };
		AB018B012BC969CA00521362 /* AppEnumImplementation.swift in Sources */ = {isa = PBXBuildFile; fileRef = AB018B002BC969CA00521362 /* AppEnumImplementation.swift */; };
		AB018B032BC985C400521362 /* UpdateWishStatusIntent.swift in Sources */ = {isa = PBXBuildFile; fileRef = AB018B022BC985C400521362 /* UpdateWishStatusIntent.swift */; };
		AB8E5BF72BC58D0A008293FF /* WWDC_WishlistApp.swift in Sources */ = {isa = PBXBuildFile; fileRef = AB8E5BF62BC58D0A008293FF /* WWDC_WishlistApp.swift */; };
		AB8E5BF92BC58D0A008293FF /* ContentView.swift in Sources */ = {isa = PBXBuildFile; fileRef = AB8E5BF82BC58D0A008293FF /* ContentView.swift */; };
		AB8E5BFB2BC58D0A008293FF /* WishlistItem.swift in Sources */ = {isa = PBXBuildFile; fileRef = AB8E5BFA2BC58D0A008293FF /* WishlistItem.swift */; };
		AB8E5BFD2BC58D0B008293FF /* Assets.xcassets in Resources */ = {isa = PBXBuildFile; fileRef = AB8E5BFC2BC58D0B008293FF /* Assets.xcassets */; };
		AB8E5C002BC58D0B008293FF /* Preview Assets.xcassets in Resources */ = {isa = PBXBuildFile; fileRef = AB8E5BFF2BC58D0B008293FF /* Preview Assets.xcassets */; };
		AB8E5C092BC590CE008293FF /* AppCoordinatorView.swift in Sources */ = {isa = PBXBuildFile; fileRef = AB8E5C082BC590CE008293FF /* AppCoordinatorView.swift */; };
		AB8E5C0C2BC590EC008293FF /* AppSheetCoordinator.swift in Sources */ = {isa = PBXBuildFile; fileRef = AB8E5C0B2BC590EC008293FF /* AppSheetCoordinator.swift */; };
		AB8E5C0E2BC59343008293FF /* AppNavigationCoordinator.swift in Sources */ = {isa = PBXBuildFile; fileRef = AB8E5C0D2BC59343008293FF /* AppNavigationCoordinator.swift */; };
/* End PBXBuildFile section */

/* Begin PBXFileReference section */
		AB018AE92BC68B7600521362 /* WishlistItemForm.swift */ = {isa = PBXFileReference; lastKnownFileType = sourcecode.swift; path = WishlistItemForm.swift; sourceTree = "<group>"; };
		AB018AEB2BC6DD0F00521362 /* WishlistItemViewer.swift */ = {isa = PBXFileReference; lastKnownFileType = sourcecode.swift; path = WishlistItemViewer.swift; sourceTree = "<group>"; };
		AB018AED2BC7DBF100521362 /* DescriptionEditSheet.swift */ = {isa = PBXFileReference; lastKnownFileType = sourcecode.swift; path = DescriptionEditSheet.swift; sourceTree = "<group>"; };
		AB018AF32BC7FA9A00521362 /* NewWishIntent.swift */ = {isa = PBXFileReference; lastKnownFileType = sourcecode.swift; path = NewWishIntent.swift; sourceTree = "<group>"; };
		AB018AF52BC7FD2100521362 /* AppShortcuts.swift */ = {isa = PBXFileReference; lastKnownFileType = sourcecode.swift; path = AppShortcuts.swift; sourceTree = "<group>"; };
		AB018AF72BC811F900521362 /* WWDC-Wishlist-Info.plist */ = {isa = PBXFileReference; lastKnownFileType = text.plist; path = "WWDC-Wishlist-Info.plist"; sourceTree = SOURCE_ROOT; };
		AB018AFC2BC9432D00521362 /* WishEntity.swift */ = {isa = PBXFileReference; lastKnownFileType = sourcecode.swift; path = WishEntity.swift; sourceTree = "<group>"; };
		AB018AFE2BC9503200521362 /* OpenWishIntent.swift */ = {isa = PBXFileReference; lastKnownFileType = sourcecode.swift; path = OpenWishIntent.swift; sourceTree = "<group>"; };
		AB018B002BC969CA00521362 /* AppEnumImplementation.swift */ = {isa = PBXFileReference; lastKnownFileType = sourcecode.swift; path = AppEnumImplementation.swift; sourceTree = "<group>"; };
		AB018B022BC985C400521362 /* UpdateWishStatusIntent.swift */ = {isa = PBXFileReference; lastKnownFileType = sourcecode.swift; path = UpdateWishStatusIntent.swift; sourceTree = "<group>"; };
		AB8E5BF32BC58D0A008293FF /* WWDC Wishlist.app */ = {isa = PBXFileReference; explicitFileType = wrapper.application; includeInIndex = 0; path = "WWDC Wishlist.app"; sourceTree = BUILT_PRODUCTS_DIR; };
		AB8E5BF62BC58D0A008293FF /* WWDC_WishlistApp.swift */ = {isa = PBXFileReference; lastKnownFileType = sourcecode.swift; path = WWDC_WishlistApp.swift; sourceTree = "<group>"; };
		AB8E5BF82BC58D0A008293FF /* ContentView.swift */ = {isa = PBXFileReference; lastKnownFileType = sourcecode.swift; path = ContentView.swift; sourceTree = "<group>"; };
		AB8E5BFA2BC58D0A008293FF /* WishlistItem.swift */ = {isa = PBXFileReference; lastKnownFileType = sourcecode.swift; path = WishlistItem.swift; sourceTree = "<group>"; };
		AB8E5BFC2BC58D0B008293FF /* Assets.xcassets */ = {isa = PBXFileReference; lastKnownFileType = folder.assetcatalog; path = Assets.xcassets; sourceTree = "<group>"; };
		AB8E5BFF2BC58D0B008293FF /* Preview Assets.xcassets */ = {isa = PBXFileReference; lastKnownFileType = folder.assetcatalog; path = "Preview Assets.xcassets"; sourceTree = "<group>"; };
		AB8E5C082BC590CE008293FF /* AppCoordinatorView.swift */ = {isa = PBXFileReference; lastKnownFileType = sourcecode.swift; path = AppCoordinatorView.swift; sourceTree = "<group>"; };
		AB8E5C0B2BC590EC008293FF /* AppSheetCoordinator.swift */ = {isa = PBXFileReference; lastKnownFileType = sourcecode.swift; path = AppSheetCoordinator.swift; sourceTree = "<group>"; };
		AB8E5C0D2BC59343008293FF /* AppNavigationCoordinator.swift */ = {isa = PBXFileReference; lastKnownFileType = sourcecode.swift; path = AppNavigationCoordinator.swift; sourceTree = "<group>"; };
/* End PBXFileReference section */

/* Begin PBXFrameworksBuildPhase section */
		AB8E5BF02BC58D0A008293FF /* Frameworks */ = {
			isa = PBXFrameworksBuildPhase;
			buildActionMask = 2147483647;
			files = (
				AB018AF12BC7F80C00521362 /* Vortex in Frameworks */,
			);
			runOnlyForDeploymentPostprocessing = 0;
		};
/* End PBXFrameworksBuildPhase section */

/* Begin PBXGroup section */
		AB018AF22BC7FA8A00521362 /* AppIntents */ = {
			isa = PBXGroup;
			children = (
				AB018AF32BC7FA9A00521362 /* NewWishIntent.swift */,
				AB018AF52BC7FD2100521362 /* AppShortcuts.swift */,
				AB018AFC2BC9432D00521362 /* WishEntity.swift */,
				AB018AFE2BC9503200521362 /* OpenWishIntent.swift */,
				AB018B002BC969CA00521362 /* AppEnumImplementation.swift */,
				AB018B022BC985C400521362 /* UpdateWishStatusIntent.swift */,
			);
			path = AppIntents;
			sourceTree = "<group>";
		};
		AB8E5BEA2BC58D0A008293FF = {
			isa = PBXGroup;
			children = (
				AB8E5BF52BC58D0A008293FF /* WWDC Wishlist */,
				AB8E5BF42BC58D0A008293FF /* Products */,
			);
			sourceTree = "<group>";
		};
		AB8E5BF42BC58D0A008293FF /* Products */ = {
			isa = PBXGroup;
			children = (
				AB8E5BF32BC58D0A008293FF /* WWDC Wishlist.app */,
			);
			name = Products;
			sourceTree = "<group>";
		};
		AB8E5BF52BC58D0A008293FF /* WWDC Wishlist */ = {
			isa = PBXGroup;
			children = (
				AB018AF72BC811F900521362 /* WWDC-Wishlist-Info.plist */,
				AB018AF22BC7FA8A00521362 /* AppIntents */,
				AB8E5C0A2BC590DE008293FF /* Coordinator */,
				AB8E5C072BC59019008293FF /* View */,
				AB8E5C062BC59007008293FF /* Model */,
				AB8E5BF62BC58D0A008293FF /* WWDC_WishlistApp.swift */,
				AB8E5BFC2BC58D0B008293FF /* Assets.xcassets */,
				AB8E5BFE2BC58D0B008293FF /* Preview Content */,
			);
			path = "WWDC Wishlist";
			sourceTree = "<group>";
		};
		AB8E5BFE2BC58D0B008293FF /* Preview Content */ = {
			isa = PBXGroup;
			children = (
				AB8E5BFF2BC58D0B008293FF /* Preview Assets.xcassets */,
			);
			path = "Preview Content";
			sourceTree = "<group>";
		};
		AB8E5C062BC59007008293FF /* Model */ = {
			isa = PBXGroup;
			children = (
				AB8E5BFA2BC58D0A008293FF /* WishlistItem.swift */,
			);
			path = Model;
			sourceTree = "<group>";
		};
		AB8E5C072BC59019008293FF /* View */ = {
			isa = PBXGroup;
			children = (
				AB8E5BF82BC58D0A008293FF /* ContentView.swift */,
				AB8E5C082BC590CE008293FF /* AppCoordinatorView.swift */,
				AB018AE92BC68B7600521362 /* WishlistItemForm.swift */,
				AB018AEB2BC6DD0F00521362 /* WishlistItemViewer.swift */,
				AB018AED2BC7DBF100521362 /* DescriptionEditSheet.swift */,
			);
			path = View;
			sourceTree = "<group>";
		};
		AB8E5C0A2BC590DE008293FF /* Coordinator */ = {
			isa = PBXGroup;
			children = (
				AB8E5C0B2BC590EC008293FF /* AppSheetCoordinator.swift */,
				AB8E5C0D2BC59343008293FF /* AppNavigationCoordinator.swift */,
			);
			path = Coordinator;
			sourceTree = "<group>";
		};
/* End PBXGroup section */

/* Begin PBXNativeTarget section */
		AB8E5BF22BC58D0A008293FF /* WWDC Wishlist */ = {
			isa = PBXNativeTarget;
			buildConfigurationList = AB8E5C032BC58D0B008293FF /* Build configuration list for PBXNativeTarget "WWDC Wishlist" */;
			buildPhases = (
				AB8E5BEF2BC58D0A008293FF /* Sources */,
				AB8E5BF02BC58D0A008293FF /* Frameworks */,
				AB8E5BF12BC58D0A008293FF /* Resources */,
			);
			buildRules = (
			);
			dependencies = (
			);
			name = "WWDC Wishlist";
			packageProductDependencies = (
				AB018AF02BC7F80C00521362 /* Vortex */,
			);
			productName = "WWDC Wishlist";
			productReference = AB8E5BF32BC58D0A008293FF /* WWDC Wishlist.app */;
			productType = "com.apple.product-type.application";
		};
/* End PBXNativeTarget section */

/* Begin PBXProject section */
		AB8E5BEB2BC58D0A008293FF /* Project object */ = {
			isa = PBXProject;
			attributes = {
				BuildIndependentTargetsInParallel = 1;
				LastSwiftUpdateCheck = 1530;
				LastUpgradeCheck = 1530;
				TargetAttributes = {
					AB8E5BF22BC58D0A008293FF = {
						CreatedOnToolsVersion = 15.3;
					};
				};
			};
			buildConfigurationList = AB8E5BEE2BC58D0A008293FF /* Build configuration list for PBXProject "WWDC Wishlist" */;
			compatibilityVersion = "Xcode 14.0";
			developmentRegion = en;
			hasScannedForEncodings = 0;
			knownRegions = (
				en,
				Base,
			);
			mainGroup = AB8E5BEA2BC58D0A008293FF;
			packageReferences = (
				AB018AEF2BC7F80C00521362 /* XCRemoteSwiftPackageReference "Vortex" */,
			);
			productRefGroup = AB8E5BF42BC58D0A008293FF /* Products */;
			projectDirPath = "";
			projectRoot = "";
			targets = (
				AB8E5BF22BC58D0A008293FF /* WWDC Wishlist */,
			);
		};
/* End PBXProject section */

/* Begin PBXResourcesBuildPhase section */
		AB8E5BF12BC58D0A008293FF /* Resources */ = {
			isa = PBXResourcesBuildPhase;
			buildActionMask = 2147483647;
			files = (
				AB8E5C002BC58D0B008293FF /* Preview Assets.xcassets in Resources */,
				AB8E5BFD2BC58D0B008293FF /* Assets.xcassets in Resources */,
			);
			runOnlyForDeploymentPostprocessing = 0;
		};
/* End PBXResourcesBuildPhase section */

/* Begin PBXSourcesBuildPhase section */
		AB8E5BEF2BC58D0A008293FF /* Sources */ = {
			isa = PBXSourcesBuildPhase;
			buildActionMask = 2147483647;
			files = (
				AB8E5BF92BC58D0A008293FF /* ContentView.swift in Sources */,
				AB018AF42BC7FA9A00521362 /* NewWishIntent.swift in Sources */,
				AB8E5BFB2BC58D0A008293FF /* WishlistItem.swift in Sources */,
				AB8E5BF72BC58D0A008293FF /* WWDC_WishlistApp.swift in Sources */,
				AB018AEC2BC6DD0F00521362 /* WishlistItemViewer.swift in Sources */,
				AB018AEA2BC68B7600521362 /* WishlistItemForm.swift in Sources */,
				AB8E5C092BC590CE008293FF /* AppCoordinatorView.swift in Sources */,
				AB018AEE2BC7DBF100521362 /* DescriptionEditSheet.swift in Sources */,
				AB8E5C0E2BC59343008293FF /* AppNavigationCoordinator.swift in Sources */,
				AB018AF62BC7FD2100521362 /* AppShortcuts.swift in Sources */,
				AB018B032BC985C400521362 /* UpdateWishStatusIntent.swift in Sources */,
				AB018B012BC969CA00521362 /* AppEnumImplementation.swift in Sources */,
				AB8E5C0C2BC590EC008293FF /* AppSheetCoordinator.swift in Sources */,
				AB018AFD2BC9432D00521362 /* WishEntity.swift in Sources */,
				AB018AFF2BC9503200521362 /* OpenWishIntent.swift in Sources */,
			);
			runOnlyForDeploymentPostprocessing = 0;
		};
/* End PBXSourcesBuildPhase section */

/* Begin XCBuildConfiguration section */
		AB8E5C012BC58D0B008293FF /* Debug */ = {
			isa = XCBuildConfiguration;
			buildSettings = {
				ALWAYS_SEARCH_USER_PATHS = NO;
				ASSETCATALOG_COMPILER_GENERATE_SWIFT_ASSET_SYMBOL_EXTENSIONS = YES;
				CLANG_ANALYZER_NONNULL = YES;
				CLANG_ANALYZER_NUMBER_OBJECT_CONVERSION = YES_AGGRESSIVE;
				CLANG_CXX_LANGUAGE_STANDARD = "gnu++20";
				CLANG_ENABLE_MODULES = YES;
				CLANG_ENABLE_OBJC_ARC = YES;
				CLANG_ENABLE_OBJC_WEAK = YES;
				CLANG_WARN_BLOCK_CAPTURE_AUTORELEASING = YES;
				CLANG_WARN_BOOL_CONVERSION = YES;
				CLANG_WARN_COMMA = YES;
				CLANG_WARN_CONSTANT_CONVERSION = YES;
				CLANG_WARN_DEPRECATED_OBJC_IMPLEMENTATIONS = YES;
				CLANG_WARN_DIRECT_OBJC_ISA_USAGE = YES_ERROR;
				CLANG_WARN_DOCUMENTATION_COMMENTS = YES;
				CLANG_WARN_EMPTY_BODY = YES;
				CLANG_WARN_ENUM_CONVERSION = YES;
				CLANG_WARN_INFINITE_RECURSION = YES;
				CLANG_WARN_INT_CONVERSION = YES;
				CLANG_WARN_NON_LITERAL_NULL_CONVERSION = YES;
				CLANG_WARN_OBJC_IMPLICIT_RETAIN_SELF = YES;
				CLANG_WARN_OBJC_LITERAL_CONVERSION = YES;
				CLANG_WARN_OBJC_ROOT_CLASS = YES_ERROR;
				CLANG_WARN_QUOTED_INCLUDE_IN_FRAMEWORK_HEADER = YES;
				CLANG_WARN_RANGE_LOOP_ANALYSIS = YES;
				CLANG_WARN_STRICT_PROTOTYPES = YES;
				CLANG_WARN_SUSPICIOUS_MOVE = YES;
				CLANG_WARN_UNGUARDED_AVAILABILITY = YES_AGGRESSIVE;
				CLANG_WARN_UNREACHABLE_CODE = YES;
				CLANG_WARN__DUPLICATE_METHOD_MATCH = YES;
				COPY_PHASE_STRIP = NO;
				DEBUG_INFORMATION_FORMAT = dwarf;
				ENABLE_STRICT_OBJC_MSGSEND = YES;
				ENABLE_TESTABILITY = YES;
				ENABLE_USER_SCRIPT_SANDBOXING = YES;
				GCC_C_LANGUAGE_STANDARD = gnu17;
				GCC_DYNAMIC_NO_PIC = NO;
				GCC_NO_COMMON_BLOCKS = YES;
				GCC_OPTIMIZATION_LEVEL = 0;
				GCC_PREPROCESSOR_DEFINITIONS = (
					"DEBUG=1",
					"$(inherited)",
				);
				GCC_WARN_64_TO_32_BIT_CONVERSION = YES;
				GCC_WARN_ABOUT_RETURN_TYPE = YES_ERROR;
				GCC_WARN_UNDECLARED_SELECTOR = YES;
				GCC_WARN_UNINITIALIZED_AUTOS = YES_AGGRESSIVE;
				GCC_WARN_UNUSED_FUNCTION = YES;
				GCC_WARN_UNUSED_VARIABLE = YES;
				IPHONEOS_DEPLOYMENT_TARGET = 17.4;
				LOCALIZATION_PREFERS_STRING_CATALOGS = YES;
				MTL_ENABLE_DEBUG_INFO = INCLUDE_SOURCE;
				MTL_FAST_MATH = YES;
				ONLY_ACTIVE_ARCH = YES;
				SDKROOT = iphoneos;
				SWIFT_ACTIVE_COMPILATION_CONDITIONS = "DEBUG $(inherited)";
				SWIFT_OPTIMIZATION_LEVEL = "-Onone";
			};
			name = Debug;
		};
		AB8E5C022BC58D0B008293FF /* Release */ = {
			isa = XCBuildConfiguration;
			buildSettings = {
				ALWAYS_SEARCH_USER_PATHS = NO;
				ASSETCATALOG_COMPILER_GENERATE_SWIFT_ASSET_SYMBOL_EXTENSIONS = YES;
				CLANG_ANALYZER_NONNULL = YES;
				CLANG_ANALYZER_NUMBER_OBJECT_CONVERSION = YES_AGGRESSIVE;
				CLANG_CXX_LANGUAGE_STANDARD = "gnu++20";
				CLANG_ENABLE_MODULES = YES;
				CLANG_ENABLE_OBJC_ARC = YES;
				CLANG_ENABLE_OBJC_WEAK = YES;
				CLANG_WARN_BLOCK_CAPTURE_AUTORELEASING = YES;
				CLANG_WARN_BOOL_CONVERSION = YES;
				CLANG_WARN_COMMA = YES;
				CLANG_WARN_CONSTANT_CONVERSION = YES;
				CLANG_WARN_DEPRECATED_OBJC_IMPLEMENTATIONS = YES;
				CLANG_WARN_DIRECT_OBJC_ISA_USAGE = YES_ERROR;
				CLANG_WARN_DOCUMENTATION_COMMENTS = YES;
				CLANG_WARN_EMPTY_BODY = YES;
				CLANG_WARN_ENUM_CONVERSION = YES;
				CLANG_WARN_INFINITE_RECURSION = YES;
				CLANG_WARN_INT_CONVERSION = YES;
				CLANG_WARN_NON_LITERAL_NULL_CONVERSION = YES;
				CLANG_WARN_OBJC_IMPLICIT_RETAIN_SELF = YES;
				CLANG_WARN_OBJC_LITERAL_CONVERSION = YES;
				CLANG_WARN_OBJC_ROOT_CLASS = YES_ERROR;
				CLANG_WARN_QUOTED_INCLUDE_IN_FRAMEWORK_HEADER = YES;
				CLANG_WARN_RANGE_LOOP_ANALYSIS = YES;
				CLANG_WARN_STRICT_PROTOTYPES = YES;
				CLANG_WARN_SUSPICIOUS_MOVE = YES;
				CLANG_WARN_UNGUARDED_AVAILABILITY = YES_AGGRESSIVE;
				CLANG_WARN_UNREACHABLE_CODE = YES;
				CLANG_WARN__DUPLICATE_METHOD_MATCH = YES;
				COPY_PHASE_STRIP = NO;
				DEBUG_INFORMATION_FORMAT = "dwarf-with-dsym";
				ENABLE_NS_ASSERTIONS = NO;
				ENABLE_STRICT_OBJC_MSGSEND = YES;
				ENABLE_USER_SCRIPT_SANDBOXING = YES;
				GCC_C_LANGUAGE_STANDARD = gnu17;
				GCC_NO_COMMON_BLOCKS = YES;
				GCC_WARN_64_TO_32_BIT_CONVERSION = YES;
				GCC_WARN_ABOUT_RETURN_TYPE = YES_ERROR;
				GCC_WARN_UNDECLARED_SELECTOR = YES;
				GCC_WARN_UNINITIALIZED_AUTOS = YES_AGGRESSIVE;
				GCC_WARN_UNUSED_FUNCTION = YES;
				GCC_WARN_UNUSED_VARIABLE = YES;
				IPHONEOS_DEPLOYMENT_TARGET = 17.4;
				LOCALIZATION_PREFERS_STRING_CATALOGS = YES;
				MTL_ENABLE_DEBUG_INFO = NO;
				MTL_FAST_MATH = YES;
				SDKROOT = iphoneos;
				SWIFT_COMPILATION_MODE = wholemodule;
				VALIDATE_PRODUCT = YES;
			};
			name = Release;
		};
		AB8E5C042BC58D0B008293FF /* Debug */ = {
			isa = XCBuildConfiguration;
			buildSettings = {
				ASSETCATALOG_COMPILER_APPICON_NAME = AppIcon;
				ASSETCATALOG_COMPILER_GLOBAL_ACCENT_COLOR_NAME = AccentColor;
				CODE_SIGN_STYLE = Automatic;
				CURRENT_PROJECT_VERSION = 1;
				DEVELOPMENT_ASSET_PATHS = "\"WWDC Wishlist/Preview Content\"";
				DEVELOPMENT_TEAM = M6W9FG2WLN;
				ENABLE_PREVIEWS = YES;
				GENERATE_INFOPLIST_FILE = YES;
				INFOPLIST_FILE = "WWDC-Wishlist-Info.plist";
				INFOPLIST_KEY_UIApplicationSceneManifest_Generation = YES;
				INFOPLIST_KEY_UIApplicationSupportsIndirectInputEvents = YES;
				INFOPLIST_KEY_UILaunchScreen_Generation = YES;
				INFOPLIST_KEY_UISupportedInterfaceOrientations_iPad = "UIInterfaceOrientationPortrait UIInterfaceOrientationPortraitUpsideDown UIInterfaceOrientationLandscapeLeft UIInterfaceOrientationLandscapeRight";
				INFOPLIST_KEY_UISupportedInterfaceOrientations_iPhone = "UIInterfaceOrientationPortrait UIInterfaceOrientationLandscapeLeft UIInterfaceOrientationLandscapeRight";
				LD_RUNPATH_SEARCH_PATHS = (
					"$(inherited)",
					"@executable_path/Frameworks",
				);
				MARKETING_VERSION = 1.0;
				PRODUCT_BUNDLE_IDENTIFIER = "co.instil.WWDC-Wishlist";
				PRODUCT_NAME = "$(TARGET_NAME)";
				SUPPORTED_PLATFORMS = "iphoneos iphonesimulator xros xrsimulator";
				SUPPORTS_MACCATALYST = NO;
				SUPPORTS_XR_DESIGNED_FOR_IPHONE_IPAD = NO;
				SWIFT_EMIT_LOC_STRINGS = YES;
				SWIFT_VERSION = 5.0;
				TARGETED_DEVICE_FAMILY = "1,2,7";
			};
			name = Debug;
		};
		AB8E5C052BC58D0B008293FF /* Release */ = {
			isa = XCBuildConfiguration;
			buildSettings = {
				ASSETCATALOG_COMPILER_APPICON_NAME = AppIcon;
				ASSETCATALOG_COMPILER_GLOBAL_ACCENT_COLOR_NAME = AccentColor;
				CODE_SIGN_STYLE = Automatic;
				CURRENT_PROJECT_VERSION = 1;
				DEVELOPMENT_ASSET_PATHS = "\"WWDC Wishlist/Preview Content\"";
				DEVELOPMENT_TEAM = M6W9FG2WLN;
				ENABLE_PREVIEWS = YES;
				GENERATE_INFOPLIST_FILE = YES;
				INFOPLIST_FILE = "WWDC-Wishlist-Info.plist";
				INFOPLIST_KEY_UIApplicationSceneManifest_Generation = YES;
				INFOPLIST_KEY_UIApplicationSupportsIndirectInputEvents = YES;
				INFOPLIST_KEY_UILaunchScreen_Generation = YES;
				INFOPLIST_KEY_UISupportedInterfaceOrientations_iPad = "UIInterfaceOrientationPortrait UIInterfaceOrientationPortraitUpsideDown UIInterfaceOrientationLandscapeLeft UIInterfaceOrientationLandscapeRight";
				INFOPLIST_KEY_UISupportedInterfaceOrientations_iPhone = "UIInterfaceOrientationPortrait UIInterfaceOrientationLandscapeLeft UIInterfaceOrientationLandscapeRight";
				LD_RUNPATH_SEARCH_PATHS = (
					"$(inherited)",
					"@executable_path/Frameworks",
				);
				MARKETING_VERSION = 1.0;
				PRODUCT_BUNDLE_IDENTIFIER = "co.instil.WWDC-Wishlist";
				PRODUCT_NAME = "$(TARGET_NAME)";
				SUPPORTED_PLATFORMS = "iphoneos iphonesimulator xros xrsimulator";
				SUPPORTS_MACCATALYST = NO;
				SUPPORTS_XR_DESIGNED_FOR_IPHONE_IPAD = NO;
				SWIFT_EMIT_LOC_STRINGS = YES;
				SWIFT_VERSION = 5.0;
				TARGETED_DEVICE_FAMILY = "1,2,7";
			};
			name = Release;
		};
/* End XCBuildConfiguration section */

/* Begin XCConfigurationList section */
		AB8E5BEE2BC58D0A008293FF /* Build configuration list for PBXProject "WWDC Wishlist" */ = {
			isa = XCConfigurationList;
			buildConfigurations = (
				AB8E5C012BC58D0B008293FF /* Debug */,
				AB8E5C022BC58D0B008293FF /* Release */,
			);
			defaultConfigurationIsVisible = 0;
			defaultConfigurationName = Release;
		};
		AB8E5C032BC58D0B008293FF /* Build configuration list for PBXNativeTarget "WWDC Wishlist" */ = {
			isa = XCConfigurationList;
			buildConfigurations = (
				AB8E5C042BC58D0B008293FF /* Debug */,
				AB8E5C052BC58D0B008293FF /* Release */,
			);
			defaultConfigurationIsVisible = 0;
			defaultConfigurationName = Release;
		};
/* End XCConfigurationList section */

/* Begin XCRemoteSwiftPackageReference section */
		AB018AEF2BC7F80C00521362 /* XCRemoteSwiftPackageReference "Vortex" */ = {
			isa = XCRemoteSwiftPackageReference;
			repositoryURL = "https://github.com/twostraws/Vortex";
			requirement = {
				kind = upToNextMajorVersion;
				minimumVersion = 1.0.0;
			};
		};
/* End XCRemoteSwiftPackageReference section */

/* Begin XCSwiftPackageProductDependency section */
		AB018AF02BC7F80C00521362 /* Vortex */ = {
			isa = XCSwiftPackageProductDependency;
			package = AB018AEF2BC7F80C00521362 /* XCRemoteSwiftPackageReference "Vortex" */;
			productName = Vortex;
		};
/* End XCSwiftPackageProductDependency section */
	};
	rootObject = AB8E5BEB2BC58D0A008293FF /* Project object */;
}
